
Microsoft Visual Studio Solution File, Format Version 12.00
# Visual Studio 15
VisualStudioVersion = 15.0.28307.1209
MinimumVisualStudioVersion = 10.0.40219.1
Project("{FAE04EC0-301F-11D3-BF4B-00C04F79EFBC}") = "WebAPIAndMVCProject", "WebAPIAndMVCProject\WebAPIAndMVCProject.csproj", "{6EBE59FE-1BCA-4F8A-A7B8-2140F759BA60}"
EndProject
Project("{FAE04EC0-301F-11D3-BF4B-00C04F79EFBC}") = "MVCProject", "MVCProject\MVCProject.csproj", "{61E3E3B9-B7C9-41CE-8FA0-E8FE1EE4882E}"
EndProject
Global
	GlobalSection(SolutionConfigurationPlatforms) = preSolution
		Debug|Any CPU = Debug|Any CPU
		Release|Any CPU = Release|Any CPU
	EndGlobalSection
	GlobalSection(ProjectConfigurationPlatforms) = postSolution
		{6EBE59FE-1BCA-4F8A-A7B8-2140F759BA60}.Debug|Any CPU.ActiveCfg = Debug|Any CPU
		{6EBE59FE-1BCA-4F8A-A7B8-2140F759BA60}.Debug|Any CPU.Build.0 = Debug|Any CPU
		{6EBE59FE-1BCA-4F8A-A7B8-2140F759BA60}.Release|Any CPU.ActiveCfg = Release|Any CPU
		{6EBE59FE-1BCA-4F8A-A7B8-2140F759BA60}.Release|Any CPU.Build.0 = Release|Any CPU
		{61E3E3B9-B7C9-41CE-8FA0-E8FE1EE4882E}.Debug|Any CPU.ActiveCfg = Debug|Any CPU
		{61E3E3B9-B7C9-41CE-8FA0-E8FE1EE4882E}.Debug|Any CPU.Build.0 = Debug|Any CPU
		{61E3E3B9-B7C9-41CE-8FA0-E8FE1EE4882E}.Release|Any CPU.ActiveCfg = Release|Any CPU
		{61E3E3B9-B7C9-41CE-8FA0-E8FE1EE4882E}.Release|Any CPU.Build.0 = Release|Any CPU
	EndGlobalSection
	GlobalSection(SolutionProperties) = preSolution
		HideSolutionNode = FALSE
	EndGlobalSection
	GlobalSection(ExtensibilityGlobals) = postSolution
		SolutionGuid = {6FA61888-1DDE-4EFB-8552-9DF4B5CBA6FB}
	EndGlobalSection
EndGlobal
